{
  "nodes": {
    "nixpkgs": {
      "locked": {
        "narHash": "sha256-BX9U/TRm0mrwvaKqlgqXqY6MUs9WvgkOq4/nXb15RC4=",
        "type": "tarball",
        "url": "https://mirrors.tuna.tsinghua.edu.cn/nix-channels/releases/nixos-unstable%40nixos-21.03pre260232.733e537a8ad/nixexprs.tar.xz"
      },
      "original": {
        "type": "tarball",
        "url": "https://mirrors.tuna.tsinghua.edu.cn/nix-channels/releases/nixos-unstable%40nixos-21.03pre260232.733e537a8ad/nixexprs.tar.xz"
      }
    },
    "root": {
      "inputs": {
        "nixpkgs": "nixpkgs"
      }
    }
  },
  "root": "root",
  "version": 7
}
